
Microsoft Visual Studio Solution File, Format Version 12.00
# Visual Studio Version 16
VisualStudioVersion = 16.0.33328.57
MinimumVisualStudioVersion = 10.0.40219.1
Project("{FAE04EC0-301F-11D3-BF4B-00C04F79EFBC}") = "VolumeCilindro", "VolumeCilindro\VolumeCilindro.csproj", "{EF225EFE-DE70-497A-B6C6-A5B404817254}"
EndProject
Global
	GlobalSection(SolutionConfigurationPlatforms) = preSolution
		Debug|Any CPU = Debug|Any CPU
		Release|Any CPU = Release|Any CPU
	EndGlobalSection
	GlobalSection(ProjectConfigurationPlatforms) = postSolution
		{EF225EFE-DE70-497A-B6C6-A5B404817254}.Debug|Any CPU.ActiveCfg = Debug|Any CPU
		{EF225EFE-DE70-497A-B6C6-A5B404817254}.Debug|Any CPU.Build.0 = Debug|Any CPU
		{EF225EFE-DE70-497A-B6C6-A5B404817254}.Release|Any CPU.ActiveCfg = Release|Any CPU
		{EF225EFE-DE70-497A-B6C6-A5B404817254}.Release|Any CPU.Build.0 = Release|Any CPU
	EndGlobalSection
	GlobalSection(SolutionProperties) = preSolution
		HideSolutionNode = FALSE
	EndGlobalSection
	GlobalSection(ExtensibilityGlobals) = postSolution
		SolutionGuid = {53BBEC5B-CD92-4F55-8E48-6BC49D44A3FB}
	EndGlobalSection
EndGlobal
