
Microsoft Visual Studio Solution File, Format Version 12.00
# Visual Studio Version 16
VisualStudioVersion = 16.0.28803.916
MinimumVisualStudioVersion = 10.0.40219.1
Project("{FAE04EC0-301F-11D3-BF4B-00C04F79EFBC}") = "CalculoImposto", "CalculoImposto\CalculoImposto.csproj", "{B1A7070F-1533-4347-A6C9-9C4EB228C44D}"
EndProject
Global
	GlobalSection(SolutionConfigurationPlatforms) = preSolution
		Debug|Any CPU = Debug|Any CPU
		Release|Any CPU = Release|Any CPU
	EndGlobalSection
	GlobalSection(ProjectConfigurationPlatforms) = postSolution
		{B1A7070F-1533-4347-A6C9-9C4EB228C44D}.Debug|Any CPU.ActiveCfg = Debug|Any CPU
		{B1A7070F-1533-4347-A6C9-9C4EB228C44D}.Debug|Any CPU.Build.0 = Debug|Any CPU
		{B1A7070F-1533-4347-A6C9-9C4EB228C44D}.Release|Any CPU.ActiveCfg = Release|Any CPU
		{B1A7070F-1533-4347-A6C9-9C4EB228C44D}.Release|Any CPU.Build.0 = Release|Any CPU
	EndGlobalSection
	GlobalSection(SolutionProperties) = preSolution
		HideSolutionNode = FALSE
	EndGlobalSection
	GlobalSection(ExtensibilityGlobals) = postSolution
		SolutionGuid = {E7FBCB2B-5037-4C89-B099-0DF1CA7B4128}
	EndGlobalSection
EndGlobal
